
Microsoft Visual Studio Solution File, Format Version 12.00
# Visual Studio 15
VisualStudioVersion = 15.0.28010.2003
MinimumVisualStudioVersion = 10.0.40219.1
Project("{9092AA53-FB77-4645-B42D-1CCCA6BD08BD}") = "ng-complete-course", "ng-complete-course.njsproj", "{0FA40EC4-5F99-4CEA-B160-35DECB0BBFA4}"
EndProject
Global
	GlobalSection(SolutionConfigurationPlatforms) = preSolution
		Debug|Any CPU = Debug|Any CPU
		Release|Any CPU = Release|Any CPU
	EndGlobalSection
	GlobalSection(ProjectConfigurationPlatforms) = postSolution
		{0FA40EC4-5F99-4CEA-B160-35DECB0BBFA4}.Debug|Any CPU.ActiveCfg = Debug|Any CPU
		{0FA40EC4-5F99-4CEA-B160-35DECB0BBFA4}.Debug|Any CPU.Build.0 = Debug|Any CPU
		{0FA40EC4-5F99-4CEA-B160-35DECB0BBFA4}.Release|Any CPU.ActiveCfg = Release|Any CPU
		{0FA40EC4-5F99-4CEA-B160-35DECB0BBFA4}.Release|Any CPU.Build.0 = Release|Any CPU
	EndGlobalSection
	GlobalSection(SolutionProperties) = preSolution
		HideSolutionNode = FALSE
	EndGlobalSection
	GlobalSection(ExtensibilityGlobals) = postSolution
		SolutionGuid = {E405B437-7F85-4EBC-9D1D-26D960A663EA}
	EndGlobalSection
EndGlobal
